
Microsoft Visual Studio Solution File, Format Version 12.00
# Visual Studio 15
VisualStudioVersion = 15.0.26730.15
MinimumVisualStudioVersion = 10.0.40219.1
Project("{FAE04EC0-301F-11D3-BF4B-00C04F79EFBC}") = "Joey-Muzzo-Week-3-Lab", "Joey-Muzzo-Week-3-Lab\Joey-Muzzo-Week-3-Lab.csproj", "{77EA3B24-F2F2-4E1D-BA47-63CE37B4818B}"
EndProject
Global
	GlobalSection(SolutionConfigurationPlatforms) = preSolution
		Debug|Any CPU = Debug|Any CPU
		Release|Any CPU = Release|Any CPU
	EndGlobalSection
	GlobalSection(ProjectConfigurationPlatforms) = postSolution
		{77EA3B24-F2F2-4E1D-BA47-63CE37B4818B}.Debug|Any CPU.ActiveCfg = Debug|Any CPU
		{77EA3B24-F2F2-4E1D-BA47-63CE37B4818B}.Debug|Any CPU.Build.0 = Debug|Any CPU
		{77EA3B24-F2F2-4E1D-BA47-63CE37B4818B}.Release|Any CPU.ActiveCfg = Release|Any CPU
		{77EA3B24-F2F2-4E1D-BA47-63CE37B4818B}.Release|Any CPU.Build.0 = Release|Any CPU
	EndGlobalSection
	GlobalSection(SolutionProperties) = preSolution
		HideSolutionNode = FALSE
	EndGlobalSection
	GlobalSection(ExtensibilityGlobals) = postSolution
		SolutionGuid = {E0F45C46-D47E-4DC6-8C5E-427994286CF4}
	EndGlobalSection
EndGlobal
